
Microsoft Visual Studio Solution File, Format Version 12.00
# Visual Studio Version 17
VisualStudioVersion = 17.14.36109.1 d17.14
MinimumVisualStudioVersion = 10.0.40219.1
Project("{FAE04EC0-301F-11D3-BF4B-00C04F79EFBC}") = "Tpp8", "Tpp8.csproj", "{32FBB221-D232-4008-9ACC-56C9366923D9}"
EndProject
Global
	GlobalSection(SolutionConfigurationPlatforms) = preSolution
		Debug|Any CPU = Debug|Any CPU
		Release|Any CPU = Release|Any CPU
	EndGlobalSection
	GlobalSection(ProjectConfigurationPlatforms) = postSolution
		{32FBB221-D232-4008-9ACC-56C9366923D9}.Debug|Any CPU.ActiveCfg = Debug|Any CPU
		{32FBB221-D232-4008-9ACC-56C9366923D9}.Debug|Any CPU.Build.0 = Debug|Any CPU
		{32FBB221-D232-4008-9ACC-56C9366923D9}.Release|Any CPU.ActiveCfg = Release|Any CPU
		{32FBB221-D232-4008-9ACC-56C9366923D9}.Release|Any CPU.Build.0 = Release|Any CPU
	EndGlobalSection
	GlobalSection(SolutionProperties) = preSolution
		HideSolutionNode = FALSE
	EndGlobalSection
	GlobalSection(ExtensibilityGlobals) = postSolution
		SolutionGuid = {50DEE75A-851F-458A-A138-75B3E0A294EC}
	EndGlobalSection
EndGlobal
